
Microsoft Visual Studio Solution File, Format Version 12.00
# Visual Studio Version 17
VisualStudioVersion = 17.9.34728.123
MinimumVisualStudioVersion = 10.0.40219.1
Project("{FAE04EC0-301F-11D3-BF4B-00C04F79EFBC}") = "net-calculator-tester", "net-calculator-tester.csproj", "{C4A8F652-58DA-43B7-AEB9-03FD7B300828}"
EndProject
Project("{FAE04EC0-301F-11D3-BF4B-00C04F79EFBC}") = "net-calculator-tester-TestProj", "..\net-calculator-tester-TestProj\net-calculator-tester-TestProj.csproj", "{FCF39CC6-C002-4FE1-81B6-4AE32BE8094F}"
EndProject
Global
	GlobalSection(SolutionConfigurationPlatforms) = preSolution
		Debug|Any CPU = Debug|Any CPU
		Release|Any CPU = Release|Any CPU
	EndGlobalSection
	GlobalSection(ProjectConfigurationPlatforms) = postSolution
		{C4A8F652-58DA-43B7-AEB9-03FD7B300828}.Debug|Any CPU.ActiveCfg = Debug|Any CPU
		{C4A8F652-58DA-43B7-AEB9-03FD7B300828}.Debug|Any CPU.Build.0 = Debug|Any CPU
		{C4A8F652-58DA-43B7-AEB9-03FD7B300828}.Release|Any CPU.ActiveCfg = Release|Any CPU
		{C4A8F652-58DA-43B7-AEB9-03FD7B300828}.Release|Any CPU.Build.0 = Release|Any CPU
		{FCF39CC6-C002-4FE1-81B6-4AE32BE8094F}.Debug|Any CPU.ActiveCfg = Debug|Any CPU
		{FCF39CC6-C002-4FE1-81B6-4AE32BE8094F}.Debug|Any CPU.Build.0 = Debug|Any CPU
		{FCF39CC6-C002-4FE1-81B6-4AE32BE8094F}.Release|Any CPU.ActiveCfg = Release|Any CPU
		{FCF39CC6-C002-4FE1-81B6-4AE32BE8094F}.Release|Any CPU.Build.0 = Release|Any CPU
	EndGlobalSection
	GlobalSection(SolutionProperties) = preSolution
		HideSolutionNode = FALSE
	EndGlobalSection
	GlobalSection(ExtensibilityGlobals) = postSolution
		SolutionGuid = {A5785149-7402-40F7-BC16-C649C126D874}
	EndGlobalSection
EndGlobal
